
Microsoft Visual Studio Solution File, Format Version 12.00
Project("{2150E333-8FDC-42A3-9474-1A3956D46DE8}") = "Paket", "Paket", "{D4C63BE7-3773-477A-BB97-53AB5512791A}"
ProjectSection(SolutionItems) = preProject
	paket.dependencies = paket.dependencies
EndProjectSection
EndProject
Project("{F2A71F9B-5D33-465A-A702-920D77279786}") = "Trenton.Health", "src\Trenton.Health\Trenton.Health.fsproj", "{F4FFF99C-136A-4CE9-B0A2-9B562ED442AD}"
EndProject
Project("{F2A71F9B-5D33-465A-A702-920D77279786}") = "Trenton.Common", "src\Trenton.Common\Trenton.Common.fsproj", "{14772E70-B57D-453D-954A-9B7D19E4E7EF}"
EndProject
Project("{2150E333-8FDC-42A3-9474-1A3956D46DE8}") = "Tests", "Tests", "{19F67596-458B-4046-9D3E-024DA7699DEF}"
EndProject
Project("{F2A71F9B-5D33-465A-A702-920D77279786}") = "Trenton.Common.Tests.Unit", "test\Trenton.Common.Tests.Unit\Trenton.Common.Tests.Unit.fsproj", "{E48E50D8-2E01-4AF4-B154-4A93209A9DAC}"
EndProject
Project("{F2A71F9B-5D33-465A-A702-920D77279786}") = "Trenton.Cli", "src\Trenton.Cli\Trenton.Cli.fsproj", "{1C181AD0-7712-49DC-9E94-30EF935074C0}"
EndProject
Global
	GlobalSection(SolutionConfigurationPlatforms) = preSolution
		Debug|Any CPU = Debug|Any CPU
		Release|Any CPU = Release|Any CPU
	EndGlobalSection
	GlobalSection(ProjectConfigurationPlatforms) = postSolution
		{F4FFF99C-136A-4CE9-B0A2-9B562ED442AD}.Debug|Any CPU.ActiveCfg = Debug|Any CPU
		{F4FFF99C-136A-4CE9-B0A2-9B562ED442AD}.Debug|Any CPU.Build.0 = Debug|Any CPU
		{F4FFF99C-136A-4CE9-B0A2-9B562ED442AD}.Release|Any CPU.ActiveCfg = Release|Any CPU
		{F4FFF99C-136A-4CE9-B0A2-9B562ED442AD}.Release|Any CPU.Build.0 = Release|Any CPU
		{14772E70-B57D-453D-954A-9B7D19E4E7EF}.Debug|Any CPU.ActiveCfg = Debug|Any CPU
		{14772E70-B57D-453D-954A-9B7D19E4E7EF}.Debug|Any CPU.Build.0 = Debug|Any CPU
		{14772E70-B57D-453D-954A-9B7D19E4E7EF}.Release|Any CPU.ActiveCfg = Release|Any CPU
		{14772E70-B57D-453D-954A-9B7D19E4E7EF}.Release|Any CPU.Build.0 = Release|Any CPU
		{E48E50D8-2E01-4AF4-B154-4A93209A9DAC}.Debug|Any CPU.ActiveCfg = Debug|Any CPU
		{E48E50D8-2E01-4AF4-B154-4A93209A9DAC}.Debug|Any CPU.Build.0 = Debug|Any CPU
		{E48E50D8-2E01-4AF4-B154-4A93209A9DAC}.Release|Any CPU.ActiveCfg = Release|Any CPU
		{E48E50D8-2E01-4AF4-B154-4A93209A9DAC}.Release|Any CPU.Build.0 = Release|Any CPU
		{1C181AD0-7712-49DC-9E94-30EF935074C0}.Debug|Any CPU.ActiveCfg = Debug|Any CPU
		{1C181AD0-7712-49DC-9E94-30EF935074C0}.Debug|Any CPU.Build.0 = Debug|Any CPU
		{1C181AD0-7712-49DC-9E94-30EF935074C0}.Release|Any CPU.ActiveCfg = Release|Any CPU
		{1C181AD0-7712-49DC-9E94-30EF935074C0}.Release|Any CPU.Build.0 = Release|Any CPU
	EndGlobalSection
	GlobalSection(NestedProjects) = preSolution
		{E48E50D8-2E01-4AF4-B154-4A93209A9DAC} = {19F67596-458B-4046-9D3E-024DA7699DEF}
	EndGlobalSection
EndGlobal
