
Microsoft Visual Studio Solution File, Format Version 12.00
Project("{2150E333-8FDC-42A3-9474-1A3956D46DE8}") = "Paket", "Paket", "{D4C63BE7-3773-477A-BB97-53AB5512791A}"
ProjectSection(SolutionItems) = preProject
	paket.dependencies = paket.dependencies
EndProjectSection
EndProject
Project("{F2A71F9B-5D33-465A-A702-920D77279786}") = "Trenton.Webhooks", "src\Trenton.Webhooks\Trenton.Webhooks.fsproj", "{9F5FBA96-E4FD-4487-BD01-155FE91DA567}"
EndProject
Project("{2150E333-8FDC-42A3-9474-1A3956D46DE8}") = "Docker", "Docker", "{B3C556C0-BAE5-4198-9179-D8705393D11B}"
ProjectSection(SolutionItems) = preProject
	docker-compose.yml = docker-compose.yml
	Dockerfile = Dockerfile
EndProjectSection
EndProject
Project("{F2A71F9B-5D33-465A-A702-920D77279786}") = "Tenton.Health", "src\Tenton.Health\Tenton.Health.fsproj", "{F4FFF99C-136A-4CE9-B0A2-9B562ED442AD}"
EndProject
Project("{F2A71F9B-5D33-465A-A702-920D77279786}") = "Trenton.Common", "src\Trenton.Common\Trenton.Common.fsproj", "{14772E70-B57D-453D-954A-9B7D19E4E7EF}"
EndProject
Project("{2150E333-8FDC-42A3-9474-1A3956D46DE8}") = "Tests", "Tests", "{19F67596-458B-4046-9D3E-024DA7699DEF}"
EndProject
Project("{F2A71F9B-5D33-465A-A702-920D77279786}") = "Trenton.Health.Tests.Unit", "test\Trenton.Health.Tests.Unit\Trenton.Health.Tests.Unit.fsproj", "{1B9A79F6-0B3E-407D-9110-5D2D8899E611}"
EndProject
Project("{2150E333-8FDC-42A3-9474-1A3956D46DE8}") = "Config", "Config", "{DF57E24E-8358-4D0A-9966-ABDE4E2FA5B8}"
ProjectSection(SolutionItems) = preProject
	.env = .env
EndProjectSection
EndProject
Project("{F2A71F9B-5D33-465A-A702-920D77279786}") = "Trenton.Common.Tests.Unit", "test\Trenton.Common.Tests.Unit\Trenton.Common.Tests.Unit.fsproj", "{E48E50D8-2E01-4AF4-B154-4A93209A9DAC}"
EndProject
Project("{F2A71F9B-5D33-465A-A702-920D77279786}") = "Trenton.Webhooks.ITests", "test\Trenton.Webhooks.ITests\Trenton.Webhooks.ITests.fsproj", "{D8B03A63-F5CF-4D97-8199-878701F34089}"
EndProject
Global
	GlobalSection(SolutionConfigurationPlatforms) = preSolution
		Debug|Any CPU = Debug|Any CPU
		Release|Any CPU = Release|Any CPU
	EndGlobalSection
	GlobalSection(ProjectConfigurationPlatforms) = postSolution
		{9F5FBA96-E4FD-4487-BD01-155FE91DA567}.Debug|Any CPU.ActiveCfg = Debug|Any CPU
		{9F5FBA96-E4FD-4487-BD01-155FE91DA567}.Debug|Any CPU.Build.0 = Debug|Any CPU
		{9F5FBA96-E4FD-4487-BD01-155FE91DA567}.Release|Any CPU.ActiveCfg = Release|Any CPU
		{9F5FBA96-E4FD-4487-BD01-155FE91DA567}.Release|Any CPU.Build.0 = Release|Any CPU
		{F4FFF99C-136A-4CE9-B0A2-9B562ED442AD}.Debug|Any CPU.ActiveCfg = Debug|Any CPU
		{F4FFF99C-136A-4CE9-B0A2-9B562ED442AD}.Debug|Any CPU.Build.0 = Debug|Any CPU
		{F4FFF99C-136A-4CE9-B0A2-9B562ED442AD}.Release|Any CPU.ActiveCfg = Release|Any CPU
		{F4FFF99C-136A-4CE9-B0A2-9B562ED442AD}.Release|Any CPU.Build.0 = Release|Any CPU
		{14772E70-B57D-453D-954A-9B7D19E4E7EF}.Debug|Any CPU.ActiveCfg = Debug|Any CPU
		{14772E70-B57D-453D-954A-9B7D19E4E7EF}.Debug|Any CPU.Build.0 = Debug|Any CPU
		{14772E70-B57D-453D-954A-9B7D19E4E7EF}.Release|Any CPU.ActiveCfg = Release|Any CPU
		{14772E70-B57D-453D-954A-9B7D19E4E7EF}.Release|Any CPU.Build.0 = Release|Any CPU
		{1B9A79F6-0B3E-407D-9110-5D2D8899E611}.Debug|Any CPU.ActiveCfg = Debug|Any CPU
		{1B9A79F6-0B3E-407D-9110-5D2D8899E611}.Debug|Any CPU.Build.0 = Debug|Any CPU
		{1B9A79F6-0B3E-407D-9110-5D2D8899E611}.Release|Any CPU.ActiveCfg = Release|Any CPU
		{1B9A79F6-0B3E-407D-9110-5D2D8899E611}.Release|Any CPU.Build.0 = Release|Any CPU
		{E48E50D8-2E01-4AF4-B154-4A93209A9DAC}.Debug|Any CPU.ActiveCfg = Debug|Any CPU
		{E48E50D8-2E01-4AF4-B154-4A93209A9DAC}.Debug|Any CPU.Build.0 = Debug|Any CPU
		{E48E50D8-2E01-4AF4-B154-4A93209A9DAC}.Release|Any CPU.ActiveCfg = Release|Any CPU
		{E48E50D8-2E01-4AF4-B154-4A93209A9DAC}.Release|Any CPU.Build.0 = Release|Any CPU
		{D8B03A63-F5CF-4D97-8199-878701F34089}.Debug|Any CPU.ActiveCfg = Debug|Any CPU
		{D8B03A63-F5CF-4D97-8199-878701F34089}.Debug|Any CPU.Build.0 = Debug|Any CPU
		{D8B03A63-F5CF-4D97-8199-878701F34089}.Release|Any CPU.ActiveCfg = Release|Any CPU
		{D8B03A63-F5CF-4D97-8199-878701F34089}.Release|Any CPU.Build.0 = Release|Any CPU
	EndGlobalSection
	GlobalSection(NestedProjects) = preSolution
		{1B9A79F6-0B3E-407D-9110-5D2D8899E611} = {19F67596-458B-4046-9D3E-024DA7699DEF}
		{E48E50D8-2E01-4AF4-B154-4A93209A9DAC} = {19F67596-458B-4046-9D3E-024DA7699DEF}
		{D8B03A63-F5CF-4D97-8199-878701F34089} = {19F67596-458B-4046-9D3E-024DA7699DEF}
	EndGlobalSection
EndGlobal
